{
  "name": "python-friendly-error-messages-demo",
  "version": "0.0.1",
  "lockfileVersion": 3,
  "requires": true,
  "packages": {
    "": {
      "name": "python-friendly-error-messages-demo",
      "version": "0.0.1",
      "dependencies": {
        "@raspberrypifoundation/python-friendly-error-messages": "^0.1.3"
      }
    },
    "node_modules/@raspberrypifoundation/python-friendly-error-messages": {
      "version": "0.1.3",
      "resolved": "https://npm.pkg.github.com/download/@raspberrypifoundation/python-friendly-error-messages/0.1.3/28a2b5f9e9279bf51282cf58135cffca9d79c511",
      "integrity": "sha512-oo/gLssPdTBPb6IyeI4Nw09tZriHW0TGPZKEQYltnvE1ZceTCbTAcWzF0ZMdVOUX/G2oA8dv/Q4GYAZt3OshRg=="
    }
  }
}
