{
  "name": "python-friendly-error-messages-demo",
  "version": "0.0.1",
  "lockfileVersion": 3,
  "requires": true,
  "packages": {
    "": {
      "name": "python-friendly-error-messages-demo",
      "version": "0.0.1",
      "dependencies": {
        "@raspberrypifoundation/python-friendly-error-messages": "^0.1.4"
      }
    },
    "node_modules/@raspberrypifoundation/python-friendly-error-messages": {
      "version": "0.1.4",
      "resolved": "https://npm.pkg.github.com/download/@raspberrypifoundation/python-friendly-error-messages/0.1.4/b5bd6547a0e12c9d22971cac250cfefa537ff485",
      "integrity": "sha512-Xp3rh5nkFuhPfnTGOoP/v91n+5T18JtiUIj4bD7DEw9bM/P50E4sXWSIxau/QHeaL26YOctwe+SVOnD56Xbv4A=="
    }
  }
}
